lockfileVersion: '9.0'

settings:
  autoInstallPeers: true
  excludeLinksFromLockfile: false

importers:

  .:
    dependencies:
      ventojs:
        specifier: ^0.12.6
        version: 0.12.6

packages:

  '@deno/shim-deno-test@0.5.0':
    resolution: {integrity: sha512-4nMhecpGlPi0cSzT67L+Tm+GOJqvuk8gqHBziqcUQOarnuIax1z96/gJHCSIz2Z0zhxE6Rzwb3IZXPtFh51j+w==}

  '@deno/shim-deno@0.18.2':
    resolution: {integrity: sha512-oQ0CVmOio63wlhwQF75zA4ioolPvOwAoK0yuzcS5bDC1JUvH3y1GS8xPh8EOpcoDQRU4FTG8OQfxhpR+c6DrzA==}

  '@types/estree@1.0.5':
    resolution: {integrity: sha512-/kYRxGDLWzHOB7q+wtSUQlFrtcdUccpfy+X+9iMBpHK8QLLhx2wIPYuS5DYtR9Wa/YlZAbIovy7qVdB1Aq6Lyw==}

  estree-walker@3.0.3:
    resolution: {integrity: sha512-7RUKfXgSMMkzt6ZuXmqapOurLGPPfgj6l9uRZ7lRGolvk0y2yocc35LdcxKC5PQZdn2DMqioAQ2NoWcrTKmm6g==}

  isexe@3.1.1:
    resolution: {integrity: sha512-LpB/54B+/2J5hqQ7imZHfdU31OlgQqx7ZicVlkm9kzg9/w8GKLEcFfJl/t7DCEDueOyBAD6zCCwTO6Fzs0NoEQ==}
    engines: {node: '>=16'}

  meriyah@4.4.2:
    resolution: {integrity: sha512-fENZIbs4tscI3IGRGtPrCoW4H4oGzVQrQCVCGRv+92kFXKkvxr52ZNR684ICvDC/UBWg9ioGc2X6pMnWOtRYwA==}
    engines: {node: '>=10.4.0'}

  ventojs@0.12.6:
    resolution: {integrity: sha512-kB1uvJVO6glo3D9XcFs7HaZsrreU6vv6hpHfY2xMqtrz0wcfDj5ADhmwVaSDzDlQaA/CEhCenfKVDtoQdNd8yw==}

  which@4.0.0:
    resolution: {integrity: sha512-GlaYyEb07DPxYCKhKzplCWBJtvxZcZMrL+4UkrTSJHHPyZU4mYYTv3qaOe77H7EODLSSopAUFAc6W8U4yqvscg==}
    engines: {node: ^16.13.0 || >=18.0.0}
    hasBin: true

snapshots:

  '@deno/shim-deno-test@0.5.0': {}

  '@deno/shim-deno@0.18.2':
    dependencies:
      '@deno/shim-deno-test': 0.5.0
      which: 4.0.0

  '@types/estree@1.0.5': {}

  estree-walker@3.0.3:
    dependencies:
      '@types/estree': 1.0.5

  isexe@3.1.1: {}

  meriyah@4.4.2: {}

  ventojs@0.12.6:
    dependencies:
      '@deno/shim-deno': 0.18.2
      estree-walker: 3.0.3
      meriyah: 4.4.2

  which@4.0.0:
    dependencies:
      isexe: 3.1.1
